{
  "version": 4,
  "terraform_version": "1.7.3",
  "serial": 11,
  "lineage": "4fc62a96-9ee6-750f-b497-9a8b09ea9a9f",
  "outputs": {},
  "resources": [
    {
      "mode": "managed",
      "type": "datadog_synthetics_test",
      "name": "browser_test",
      "provider": "provider[\"registry.terraform.io/datadog/datadog\"]",
      "instances": [
        {
          "schema_version": 0,
          "attributes": {
            "api_step": [],
            "assertion": [],
            "browser_step": [],
            "browser_variable": [],
            "config_variable": [],
            "device_ids": [
              "laptop_large"
            ],
            "id": "ebn-akz-9be",
            "locations": [
              "aws:ca-central-1"
            ],
            "message": "Example test for Terraform",
            "monitor_id": 139425957,
            "name": "Sureprep test",
            "options_list": [
              {
                "accept_self_signed": false,
                "allow_insecure": false,
                "check_certificate_revocation": false,
                "ci": [],
                "disable_cors": false,
                "disable_csp": false,
                "follow_redirects": false,
                "http_version": "",
                "ignore_server_certificate_error": false,
                "initial_navigation_timeout": 0,
                "min_failure_duration": 0,
                "min_location_failed": 1,
                "monitor_name": "",
                "monitor_options": [],
                "monitor_priority": 0,
                "no_screenshot": false,
                "restricted_roles": [],
                "retry": [
                  {
                    "count": 2,
                    "interval": 300
                  }
                ],
                "rum_settings": [
                  {
                    "application_id": "",
                    "client_token_id": 0,
                    "is_enabled": false
                  }
                ],
                "scheduling": [],
                "tick_every": 3600
              }
            ],
            "request_basicauth": [],
            "request_client_certificate": [],
            "request_definition": [
              {
                "body": "",
                "body_type": "",
                "call_type": "",
                "certificate_domains": [],
                "dns_server": "",
                "dns_server_port": 0,
                "host": "",
                "message": "",
                "method": "GET",
                "no_saving_response_body": false,
                "number_of_packets": 0,
                "persist_cookies": false,
                "port": 0,
                "proto_json_descriptor": "",
                "servername": "",
                "service": "",
                "should_track_hops": false,
                "timeout": 60,
                "url": "https://corp.sureprep.com/"
              }
            ],
            "request_headers": {},
            "request_metadata": null,
            "request_proxy": [],
            "request_query": {},
            "set_cookie": "",
            "status": "live",
            "subtype": null,
            "tags": [],
            "type": "browser"
          },
          "sensitive_attributes": [],
          "private": "bnVsbA=="
        }
      ]
    }
  ],
  "check_results": null
}
